
Microsoft Visual Studio Solution File, Format Version 12.00
# Visual Studio Version 17
VisualStudioVersion = 17.8.34330.188
MinimumVisualStudioVersion = 10.0.40219.1
Project("{FAE04EC0-301F-11D3-BF4B-00C04F79EFBC}") = "OpenDataAPI", "OpenDataAPI\OpenDataAPI.csproj", "{0B59DFE5-7989-40FC-9BB8-6B0A3B5642A2}"
EndProject
Project("{FAE04EC0-301F-11D3-BF4B-00C04F79EFBC}") = "OpenDataTEST", "OpenDataTEST\OpenDataTEST.csproj", "{C4EA27D8-328A-45FE-8C4A-989316019252}"
EndProject
Project("{FAE04EC0-301F-11D3-BF4B-00C04F79EFBC}") = "OpenDataLibrary", "OpenDataLibrary\OpenDataLibrary.csproj", "{A5356DBA-5DE6-40FF-AB55-285D412F753B}"
EndProject
Global
	GlobalSection(SolutionConfigurationPlatforms) = preSolution
		Debug|Any CPU = Debug|Any CPU
		Release|Any CPU = Release|Any CPU
	EndGlobalSection
	GlobalSection(ProjectConfigurationPlatforms) = postSolution
		{0B59DFE5-7989-40FC-9BB8-6B0A3B5642A2}.Debug|Any CPU.ActiveCfg = Debug|Any CPU
		{0B59DFE5-7989-40FC-9BB8-6B0A3B5642A2}.Debug|Any CPU.Build.0 = Debug|Any CPU
		{0B59DFE5-7989-40FC-9BB8-6B0A3B5642A2}.Release|Any CPU.ActiveCfg = Release|Any CPU
		{0B59DFE5-7989-40FC-9BB8-6B0A3B5642A2}.Release|Any CPU.Build.0 = Release|Any CPU
		{C4EA27D8-328A-45FE-8C4A-989316019252}.Debug|Any CPU.ActiveCfg = Debug|Any CPU
		{C4EA27D8-328A-45FE-8C4A-989316019252}.Debug|Any CPU.Build.0 = Debug|Any CPU
		{C4EA27D8-328A-45FE-8C4A-989316019252}.Release|Any CPU.ActiveCfg = Release|Any CPU
		{C4EA27D8-328A-45FE-8C4A-989316019252}.Release|Any CPU.Build.0 = Release|Any CPU
		{A5356DBA-5DE6-40FF-AB55-285D412F753B}.Debug|Any CPU.ActiveCfg = Debug|Any CPU
		{A5356DBA-5DE6-40FF-AB55-285D412F753B}.Debug|Any CPU.Build.0 = Debug|Any CPU
		{A5356DBA-5DE6-40FF-AB55-285D412F753B}.Release|Any CPU.ActiveCfg = Release|Any CPU
		{A5356DBA-5DE6-40FF-AB55-285D412F753B}.Release|Any CPU.Build.0 = Release|Any CPU
	EndGlobalSection
	GlobalSection(SolutionProperties) = preSolution
		HideSolutionNode = FALSE
	EndGlobalSection
	GlobalSection(ExtensibilityGlobals) = postSolution
		SolutionGuid = {121F0B80-4E3F-43D7-ABC3-1F7D6798BEBB}
	EndGlobalSection
EndGlobal
